# This file is automatically @generated by Cargo.
# It is not intended for manual editing.
[[package]]
name = "anonify-test-utils"
version = "0.1.0"
dependencies = [
 "anonify-test-utils-proc-macro",
 "inventory",
 "serde",
 "sgx_tstd",
]

[[package]]
name = "anonify-test-utils-proc-macro"
version = "0.1.0"
dependencies = [
 "proc-macro2",
 "quote",
 "syn",
]

[[package]]
name = "cc"
version = "1.0.54"
source = "registry+https://github.com/rust-lang/crates.io-index"
checksum = "7bbb73db36c1246e9034e307d0fba23f9a2e251faa47ade70c1bd252220c8311"

[[package]]
name = "ctor"
version = "0.1.14"
source = "registry+https://github.com/rust-lang/crates.io-index"
checksum = "cf6b25ee9ac1995c54d7adb2eff8cfffb7260bc774fb63c601ec65467f43cd9d"
dependencies = [
 "quote",
 "syn",
]

[[package]]
name = "ghost"
version = "0.1.1"
source = "registry+https://github.com/rust-lang/crates.io-index"
checksum = "2a36606a68532b5640dc86bb1f33c64b45c4682aad4c50f3937b317ea387f3d6"
dependencies = [
 "proc-macro2",
 "quote",
 "syn",
]

[[package]]
name = "inventory"
version = "0.1.6"
source = "registry+https://github.com/rust-lang/crates.io-index"
checksum = "82d3f4b90287725c97b17478c60dda0c6324e7c84ee1ed72fb9179d0fdf13956"
dependencies = [
 "ctor",
 "ghost",
 "inventory-impl",
]

[[package]]
name = "inventory-impl"
version = "0.1.6"
source = "registry+https://github.com/rust-lang/crates.io-index"
checksum = "9092a4fefc9d503e9287ef137f03180a6e7d1b04c419563171ee14947c5e80ec"
dependencies = [
 "proc-macro2",
 "quote",
 "syn",
]

[[package]]
name = "proc-macro2"
version = "1.0.13"
source = "registry+https://github.com/rust-lang/crates.io-index"
checksum = "53f5ffe53a6b28e37c9c1ce74893477864d64f74778a93a4beb43c8fa167f639"
dependencies = [
 "unicode-xid",
]

[[package]]
name = "quote"
version = "1.0.6"
source = "registry+https://github.com/rust-lang/crates.io-index"
checksum = "54a21852a652ad6f610c9510194f398ff6f8692e334fd1145fed931f7fbe44ea"
dependencies = [
 "proc-macro2",
]

[[package]]
name = "serde"
version = "1.0.104"
source = "git+https://github.com/mesalock-linux/serde-sgx.git?rev=sgx_1.1.0#c945ac9aeb23dc799070f3afaf590a6c3ac2c1a2"
dependencies = [
 "serde_derive",
 "sgx_tstd",
]

[[package]]
name = "serde_derive"
version = "1.0.104"
source = "git+https://github.com/mesalock-linux/serde-sgx.git?rev=sgx_1.1.0#c945ac9aeb23dc799070f3afaf590a6c3ac2c1a2"
dependencies = [
 "proc-macro2",
 "quote",
 "syn",
]

[[package]]
name = "sgx_alloc"
version = "1.1.0"
source = "git+https://github.com/apache/teaclave-sgx-sdk.git?rev=v1.1.0#71a88b647bb76a16cbc5c3e29403e2afb67f82fd"

[[package]]
name = "sgx_backtrace_sys"
version = "1.1.0"
source = "git+https://github.com/apache/teaclave-sgx-sdk.git?rev=v1.1.0#71a88b647bb76a16cbc5c3e29403e2afb67f82fd"
dependencies = [
 "cc",
 "sgx_build_helper",
 "sgx_libc",
]

[[package]]
name = "sgx_build_helper"
version = "0.1.0"
source = "git+https://github.com/apache/teaclave-sgx-sdk.git?rev=v1.1.0#71a88b647bb76a16cbc5c3e29403e2afb67f82fd"

[[package]]
name = "sgx_demangle"
version = "1.1.0"
source = "git+https://github.com/apache/teaclave-sgx-sdk.git?rev=v1.1.0#71a88b647bb76a16cbc5c3e29403e2afb67f82fd"

[[package]]
name = "sgx_libc"
version = "1.1.0"
source = "git+https://github.com/apache/teaclave-sgx-sdk.git?rev=v1.1.0#71a88b647bb76a16cbc5c3e29403e2afb67f82fd"
dependencies = [
 "sgx_types",
]

[[package]]
name = "sgx_tcrypto"
version = "1.1.0"
source = "git+https://github.com/apache/teaclave-sgx-sdk.git?rev=v1.1.0#71a88b647bb76a16cbc5c3e29403e2afb67f82fd"
dependencies = [
 "sgx_types",
]

[[package]]
name = "sgx_tprotected_fs"
version = "1.1.0"
source = "git+https://github.com/apache/teaclave-sgx-sdk.git?rev=v1.1.0#71a88b647bb76a16cbc5c3e29403e2afb67f82fd"
dependencies = [
 "sgx_trts",
 "sgx_types",
]

[[package]]
name = "sgx_trts"
version = "1.1.0"
source = "git+https://github.com/apache/teaclave-sgx-sdk.git?rev=v1.1.0#71a88b647bb76a16cbc5c3e29403e2afb67f82fd"
dependencies = [
 "sgx_libc",
 "sgx_types",
]

[[package]]
name = "sgx_tse"
version = "1.1.0"
source = "git+https://github.com/apache/teaclave-sgx-sdk.git?rev=v1.1.0#71a88b647bb76a16cbc5c3e29403e2afb67f82fd"
dependencies = [
 "sgx_types",
]

[[package]]
name = "sgx_tseal"
version = "1.1.0"
source = "git+https://github.com/apache/teaclave-sgx-sdk.git?rev=v1.1.0#71a88b647bb76a16cbc5c3e29403e2afb67f82fd"
dependencies = [
 "sgx_tcrypto",
 "sgx_trts",
 "sgx_tse",
 "sgx_types",
]

[[package]]
name = "sgx_tstd"
version = "1.1.0"
source = "git+https://github.com/apache/teaclave-sgx-sdk.git?rev=v1.1.0#71a88b647bb76a16cbc5c3e29403e2afb67f82fd"
dependencies = [
 "sgx_alloc",
 "sgx_backtrace_sys",
 "sgx_demangle",
 "sgx_libc",
 "sgx_tprotected_fs",
 "sgx_trts",
 "sgx_tseal",
 "sgx_types",
 "sgx_unwind",
]

[[package]]
name = "sgx_types"
version = "1.1.0"
source = "git+https://github.com/apache/teaclave-sgx-sdk.git?rev=v1.1.0#71a88b647bb76a16cbc5c3e29403e2afb67f82fd"

[[package]]
name = "sgx_unwind"
version = "0.1.0"
source = "git+https://github.com/apache/teaclave-sgx-sdk.git?rev=v1.1.0#71a88b647bb76a16cbc5c3e29403e2afb67f82fd"
dependencies = [
 "sgx_build_helper",
]

[[package]]
name = "syn"
version = "1.0.23"
source = "registry+https://github.com/rust-lang/crates.io-index"
checksum = "95b5f192649e48a5302a13f2feb224df883b98933222369e4b3b0fe2a5447269"
dependencies = [
 "proc-macro2",
 "quote",
 "unicode-xid",
]

[[package]]
name = "unicode-xid"
version = "0.2.0"
source = "registry+https://github.com/rust-lang/crates.io-index"
checksum = "826e7639553986605ec5979c7dd957c7895e93eabed50ab2ffa7f6128a75097c"
